
Microsoft Visual Studio Solution File, Format Version 12.00
# Visual Studio Version 17
VisualStudioVersion = 17.0.31903.59
MinimumVisualStudioVersion = 10.0.40219.1
Project("{2150E333-8FDC-42A3-9474-1A3956D46DE8}") = "src", "src", "{827E0CD3-B72D-47B6-A68D-7590B98EB39B}"
EndProject
Project("{FAE04EC0-301F-11D3-BF4B-00C04F79EFBC}") = "AiAssistant.Domain", "src\AiAssistant.Domain\AiAssistant.Domain.csproj", "{29D642DA-841B-449A-BDA8-E5F27AC5FBE2}"
EndProject
Project("{FAE04EC0-301F-11D3-BF4B-00C04F79EFBC}") = "AiAssistant.Application", "src\AiAssistant.Application\AiAssistant.Application.csproj", "{467A9188-1128-4CE7-92B6-66D1F20185D7}"
EndProject
Project("{FAE04EC0-301F-11D3-BF4B-00C04F79EFBC}") = "AiAssistant.Infrastructure", "src\AiAssistant.Infrastructure\AiAssistant.Infrastructure.csproj", "{4EA29ABB-4543-4F92-838A-C3DF71A54C1A}"
EndProject
Project("{FAE04EC0-301F-11D3-BF4B-00C04F79EFBC}") = "AiAssistant.API", "src\AiAssistant.API\AiAssistant.API.csproj", "{97EAF1DB-81D7-47AF-88CF-AB6ED2F4FB12}"
EndProject
Project("{2150E333-8FDC-42A3-9474-1A3956D46DE8}") = "tests", "tests", "{0AB3BF05-4346-4AA6-1389-037BE0695223}"
EndProject
Project("{FAE04EC0-301F-11D3-BF4B-00C04F79EFBC}") = "AiAssistant.UnitTests", "tests\AiAssistant.UnitTests\AiAssistant.UnitTests.csproj", "{39263201-6F2E-4406-AF09-4D88D9B7709A}"
EndProject
Project("{FAE04EC0-301F-11D3-BF4B-00C04F79EFBC}") = "AiAssistant.Eval", "tests\AiAssistant.Eval\AiAssistant.Eval.csproj", "{328D1B6C-17E9-4919-AE52-FF9319D283B9}"
EndProject
Global
	GlobalSection(SolutionConfigurationPlatforms) = preSolution
		Debug|Any CPU = Debug|Any CPU
		Debug|x64 = Debug|x64
		Debug|x86 = Debug|x86
		Release|Any CPU = Release|Any CPU
		Release|x64 = Release|x64
		Release|x86 = Release|x86
	EndGlobalSection
	GlobalSection(ProjectConfigurationPlatforms) = postSolution
		{29D642DA-841B-449A-BDA8-E5F27AC5FBE2}.Debug|Any CPU.ActiveCfg = Debug|Any CPU
		{29D642DA-841B-449A-BDA8-E5F27AC5FBE2}.Debug|Any CPU.Build.0 = Debug|Any CPU
		{29D642DA-841B-449A-BDA8-E5F27AC5FBE2}.Debug|x64.ActiveCfg = Debug|Any CPU
		{29D642DA-841B-449A-BDA8-E5F27AC5FBE2}.Debug|x64.Build.0 = Debug|Any CPU
		{29D642DA-841B-449A-BDA8-E5F27AC5FBE2}.Debug|x86.ActiveCfg = Debug|Any CPU
		{29D642DA-841B-449A-BDA8-E5F27AC5FBE2}.Debug|x86.Build.0 = Debug|Any CPU
		{29D642DA-841B-449A-BDA8-E5F27AC5FBE2}.Release|Any CPU.ActiveCfg = Release|Any CPU
		{29D642DA-841B-449A-BDA8-E5F27AC5FBE2}.Release|Any CPU.Build.0 = Release|Any CPU
		{29D642DA-841B-449A-BDA8-E5F27AC5FBE2}.Release|x64.ActiveCfg = Release|Any CPU
		{29D642DA-841B-449A-BDA8-E5F27AC5FBE2}.Release|x64.Build.0 = Release|Any CPU
		{29D642DA-841B-449A-BDA8-E5F27AC5FBE2}.Release|x86.ActiveCfg = Release|Any CPU
		{29D642DA-841B-449A-BDA8-E5F27AC5FBE2}.Release|x86.Build.0 = Release|Any CPU
		{467A9188-1128-4CE7-92B6-66D1F20185D7}.Debug|Any CPU.ActiveCfg = Debug|Any CPU
		{467A9188-1128-4CE7-92B6-66D1F20185D7}.Debug|Any CPU.Build.0 = Debug|Any CPU
		{467A9188-1128-4CE7-92B6-66D1F20185D7}.Debug|x64.ActiveCfg = Debug|Any CPU
		{467A9188-1128-4CE7-92B6-66D1F20185D7}.Debug|x64.Build.0 = Debug|Any CPU
		{467A9188-1128-4CE7-92B6-66D1F20185D7}.Debug|x86.ActiveCfg = Debug|Any CPU
		{467A9188-1128-4CE7-92B6-66D1F20185D7}.Debug|x86.Build.0 = Debug|Any CPU
		{467A9188-1128-4CE7-92B6-66D1F20185D7}.Release|Any CPU.ActiveCfg = Release|Any CPU
		{467A9188-1128-4CE7-92B6-66D1F20185D7}.Release|Any CPU.Build.0 = Release|Any CPU
		{467A9188-1128-4CE7-92B6-66D1F20185D7}.Release|x64.ActiveCfg = Release|Any CPU
		{467A9188-1128-4CE7-92B6-66D1F20185D7}.Release|x64.Build.0 = Release|Any CPU
		{467A9188-1128-4CE7-92B6-66D1F20185D7}.Release|x86.ActiveCfg = Release|Any CPU
		{467A9188-1128-4CE7-92B6-66D1F20185D7}.Release|x86.Build.0 = Release|Any CPU
		{4EA29ABB-4543-4F92-838A-C3DF71A54C1A}.Debug|Any CPU.ActiveCfg = Debug|Any CPU
		{4EA29ABB-4543-4F92-838A-C3DF71A54C1A}.Debug|Any CPU.Build.0 = Debug|Any CPU
		{4EA29ABB-4543-4F92-838A-C3DF71A54C1A}.Debug|x64.ActiveCfg = Debug|Any CPU
		{4EA29ABB-4543-4F92-838A-C3DF71A54C1A}.Debug|x64.Build.0 = Debug|Any CPU
		{4EA29ABB-4543-4F92-838A-C3DF71A54C1A}.Debug|x86.ActiveCfg = Debug|Any CPU
		{4EA29ABB-4543-4F92-838A-C3DF71A54C1A}.Debug|x86.Build.0 = Debug|Any CPU
		{4EA29ABB-4543-4F92-838A-C3DF71A54C1A}.Release|Any CPU.ActiveCfg = Release|Any CPU
		{4EA29ABB-4543-4F92-838A-C3DF71A54C1A}.Release|Any CPU.Build.0 = Release|Any CPU
		{4EA29ABB-4543-4F92-838A-C3DF71A54C1A}.Release|x64.ActiveCfg = Release|Any CPU
		{4EA29ABB-4543-4F92-838A-C3DF71A54C1A}.Release|x64.Build.0 = Release|Any CPU
		{4EA29ABB-4543-4F92-838A-C3DF71A54C1A}.Release|x86.ActiveCfg = Release|Any CPU
		{4EA29ABB-4543-4F92-838A-C3DF71A54C1A}.Release|x86.Build.0 = Release|Any CPU
		{97EAF1DB-81D7-47AF-88CF-AB6ED2F4FB12}.Debug|Any CPU.ActiveCfg = Debug|Any CPU
		{97EAF1DB-81D7-47AF-88CF-AB6ED2F4FB12}.Debug|Any CPU.Build.0 = Debug|Any CPU
		{97EAF1DB-81D7-47AF-88CF-AB6ED2F4FB12}.Debug|x64.ActiveCfg = Debug|Any CPU
		{97EAF1DB-81D7-47AF-88CF-AB6ED2F4FB12}.Debug|x64.Build.0 = Debug|Any CPU
		{97EAF1DB-81D7-47AF-88CF-AB6ED2F4FB12}.Debug|x86.ActiveCfg = Debug|Any CPU
		{97EAF1DB-81D7-47AF-88CF-AB6ED2F4FB12}.Debug|x86.Build.0 = Debug|Any CPU
		{97EAF1DB-81D7-47AF-88CF-AB6ED2F4FB12}.Release|Any CPU.ActiveCfg = Release|Any CPU
		{97EAF1DB-81D7-47AF-88CF-AB6ED2F4FB12}.Release|Any CPU.Build.0 = Release|Any CPU
		{97EAF1DB-81D7-47AF-88CF-AB6ED2F4FB12}.Release|x64.ActiveCfg = Release|Any CPU
		{97EAF1DB-81D7-47AF-88CF-AB6ED2F4FB12}.Release|x64.Build.0 = Release|Any CPU
		{97EAF1DB-81D7-47AF-88CF-AB6ED2F4FB12}.Release|x86.ActiveCfg = Release|Any CPU
		{97EAF1DB-81D7-47AF-88CF-AB6ED2F4FB12}.Release|x86.Build.0 = Release|Any CPU
		{39263201-6F2E-4406-AF09-4D88D9B7709A}.Debug|Any CPU.ActiveCfg = Debug|Any CPU
		{39263201-6F2E-4406-AF09-4D88D9B7709A}.Debug|Any CPU.Build.0 = Debug|Any CPU
		{39263201-6F2E-4406-AF09-4D88D9B7709A}.Debug|x64.ActiveCfg = Debug|Any CPU
		{39263201-6F2E-4406-AF09-4D88D9B7709A}.Debug|x64.Build.0 = Debug|Any CPU
		{39263201-6F2E-4406-AF09-4D88D9B7709A}.Debug|x86.ActiveCfg = Debug|Any CPU
		{39263201-6F2E-4406-AF09-4D88D9B7709A}.Debug|x86.Build.0 = Debug|Any CPU
		{39263201-6F2E-4406-AF09-4D88D9B7709A}.Release|Any CPU.ActiveCfg = Release|Any CPU
		{39263201-6F2E-4406-AF09-4D88D9B7709A}.Release|Any CPU.Build.0 = Release|Any CPU
		{39263201-6F2E-4406-AF09-4D88D9B7709A}.Release|x64.ActiveCfg = Release|Any CPU
		{39263201-6F2E-4406-AF09-4D88D9B7709A}.Release|x64.Build.0 = Release|Any CPU
		{39263201-6F2E-4406-AF09-4D88D9B7709A}.Release|x86.ActiveCfg = Release|Any CPU
		{39263201-6F2E-4406-AF09-4D88D9B7709A}.Release|x86.Build.0 = Release|Any CPU
		{328D1B6C-17E9-4919-AE52-FF9319D283B9}.Debug|Any CPU.ActiveCfg = Debug|Any CPU
		{328D1B6C-17E9-4919-AE52-FF9319D283B9}.Debug|Any CPU.Build.0 = Debug|Any CPU
		{328D1B6C-17E9-4919-AE52-FF9319D283B9}.Debug|x64.ActiveCfg = Debug|Any CPU
		{328D1B6C-17E9-4919-AE52-FF9319D283B9}.Debug|x64.Build.0 = Debug|Any CPU
		{328D1B6C-17E9-4919-AE52-FF9319D283B9}.Debug|x86.ActiveCfg = Debug|Any CPU
		{328D1B6C-17E9-4919-AE52-FF9319D283B9}.Debug|x86.Build.0 = Debug|Any CPU
		{328D1B6C-17E9-4919-AE52-FF9319D283B9}.Release|Any CPU.ActiveCfg = Release|Any CPU
		{328D1B6C-17E9-4919-AE52-FF9319D283B9}.Release|Any CPU.Build.0 = Release|Any CPU
		{328D1B6C-17E9-4919-AE52-FF9319D283B9}.Release|x64.ActiveCfg = Release|Any CPU
		{328D1B6C-17E9-4919-AE52-FF9319D283B9}.Release|x64.Build.0 = Release|Any CPU
		{328D1B6C-17E9-4919-AE52-FF9319D283B9}.Release|x86.ActiveCfg = Release|Any CPU
		{328D1B6C-17E9-4919-AE52-FF9319D283B9}.Release|x86.Build.0 = Release|Any CPU
	EndGlobalSection
	GlobalSection(SolutionProperties) = preSolution
		HideSolutionNode = FALSE
	EndGlobalSection
	GlobalSection(NestedProjects) = preSolution
		{29D642DA-841B-449A-BDA8-E5F27AC5FBE2} = {827E0CD3-B72D-47B6-A68D-7590B98EB39B}
		{467A9188-1128-4CE7-92B6-66D1F20185D7} = {827E0CD3-B72D-47B6-A68D-7590B98EB39B}
		{4EA29ABB-4543-4F92-838A-C3DF71A54C1A} = {827E0CD3-B72D-47B6-A68D-7590B98EB39B}
		{97EAF1DB-81D7-47AF-88CF-AB6ED2F4FB12} = {827E0CD3-B72D-47B6-A68D-7590B98EB39B}
		{39263201-6F2E-4406-AF09-4D88D9B7709A} = {0AB3BF05-4346-4AA6-1389-037BE0695223}
		{328D1B6C-17E9-4919-AE52-FF9319D283B9} = {0AB3BF05-4346-4AA6-1389-037BE0695223}
	EndGlobalSection
EndGlobal
